
Microsoft Visual Studio Solution File, Format Version 12.00
# Visual Studio 14
VisualStudioVersion = 14.0.25420.1
MinimumVisualStudioVersion = 10.0.40219.1
Project("{FAE04EC0-301F-11D3-BF4B-00C04F79EFBC}") = "kalkulejtor", "kalkulejtor\kalkulejtor.csproj", "{BB68CDA2-6E69-438E-BC4F-28982B4AF617}"
EndProject
Global
	GlobalSection(SolutionConfigurationPlatforms) = preSolution
		Debug|Any CPU = Debug|Any CPU
		Release|Any CPU = Release|Any CPU
	EndGlobalSection
	GlobalSection(ProjectConfigurationPlatforms) = postSolution
		{BB68CDA2-6E69-438E-BC4F-28982B4AF617}.Debug|Any CPU.ActiveCfg = Debug|Any CPU
		{BB68CDA2-6E69-438E-BC4F-28982B4AF617}.Debug|Any CPU.Build.0 = Debug|Any CPU
		{BB68CDA2-6E69-438E-BC4F-28982B4AF617}.Release|Any CPU.ActiveCfg = Release|Any CPU
		{BB68CDA2-6E69-438E-BC4F-28982B4AF617}.Release|Any CPU.Build.0 = Release|Any CPU
	EndGlobalSection
	GlobalSection(SolutionProperties) = preSolution
		HideSolutionNode = FALSE
	EndGlobalSection
EndGlobal
